
Microsoft Visual Studio Solution File, Format Version 12.00
# Visual Studio 15
VisualStudioVersion = 15.0.27428.2015
MinimumVisualStudioVersion = 10.0.40219.1
Project("{FAE04EC0-301F-11D3-BF4B-00C04F79EFBC}") = "ToDoList", "ToDoList\ToDoList.csproj", "{C46D5AD1-2AE2-4A53-98B0-29F131BFE7DA}"
EndProject
Global
	GlobalSection(SolutionConfigurationPlatforms) = preSolution
		Debug|Any CPU = Debug|Any CPU
		Release|Any CPU = Release|Any CPU
	EndGlobalSection
	GlobalSection(ProjectConfigurationPlatforms) = postSolution
		{C46D5AD1-2AE2-4A53-98B0-29F131BFE7DA}.Debug|Any CPU.ActiveCfg = Debug|Any CPU
		{C46D5AD1-2AE2-4A53-98B0-29F131BFE7DA}.Debug|Any CPU.Build.0 = Debug|Any CPU
		{C46D5AD1-2AE2-4A53-98B0-29F131BFE7DA}.Release|Any CPU.ActiveCfg = Release|Any CPU
		{C46D5AD1-2AE2-4A53-98B0-29F131BFE7DA}.Release|Any CPU.Build.0 = Release|Any CPU
	EndGlobalSection
	GlobalSection(SolutionProperties) = preSolution
		HideSolutionNode = FALSE
	EndGlobalSection
	GlobalSection(ExtensibilityGlobals) = postSolution
		SolutionGuid = {049BC6A3-AFB1-4EB6-B03C-7F9574E7BBD0}
	EndGlobalSection
EndGlobal
